{
  "nodes": {
    "flake-compat": {
      "flake": false,
      "locked": {
        "lastModified": 1765121682,
        "narHash": "sha256-4VBOP18BFeiPkyhy9o4ssBNQEvfvv1kXkasAYd0+rrA=",
        "owner": "edolstra",
        "repo": "flake-compat",
        "rev": "65f23138d8d09a92e30f1e5c87611b23ef451bf3",
        "type": "github"
      },
      "original": {
        "owner": "edolstra",
        "repo": "flake-compat",
        "type": "github"
      }
    },
    "home-manager": {
      "inputs": {
        "nixpkgs": [
          "nixpkgs"
        ]
      },
      "locked": {
        "lastModified": 1765384171,
        "narHash": "sha256-FuFtkJrW1Z7u+3lhzPRau69E0CNjADku1mLQQflUORo=",
        "owner": "nix-community",
        "repo": "home-manager",
        "rev": "44777152652bc9eacf8876976fa72cc77ca8b9d8",
        "type": "github"
      },
      "original": {
        "owner": "nix-community",
        "ref": "release-25.11",
        "repo": "home-manager",
        "type": "github"
      }
    },
    "kkkykin": {
      "inputs": {
        "nixpkgs": "nixpkgs"
      },
      "locked": {
        "lastModified": 1765260839,
        "narHash": "sha256-M8ivjAAXjl0UdEcX/49Uvtk5XTUl8reM2v61dOzARSM=",
        "owner": "kkkykin",
        "repo": "nur-packages",
        "rev": "04ddfa6f7088d1b0f7f99112ed7642a17ed4666a",
        "type": "github"
      },
      "original": {
        "owner": "kkkykin",
        "ref": "master",
        "repo": "nur-packages",
        "type": "github"
      }
    },
    "nix-secrets": {
      "inputs": {
        "nixpkgs": [
          "nixpkgs"
        ],
        "sops-nix": "sops-nix"
      },
      "locked": {
        "lastModified": 1765624100,
        "narHash": "sha256-ZQHIyCW7YUiHELeDeMcoq/2F7lZ02SvsVjpcLwffV7Q=",
        "ref": "refs/heads/main",
        "rev": "36f3736ccf7b881ebea2c2cdbbda7faec7b8b187",
        "revCount": 15,
        "type": "git",
        "url": "file:///home/kkky/nix-secrets"
      },
      "original": {
        "owner": "kkkykin",
        "repo": "nixos-secrets-empty",
        "type": "github"
      }
    },
    "nixos-hardware": {
      "locked": {
        "lastModified": 1764440730,
        "narHash": "sha256-ZlJTNLUKQRANlLDomuRWLBCH5792x+6XUJ4YdFRjtO4=",
        "owner": "NixOS",
        "repo": "nixos-hardware",
        "rev": "9154f4569b6cdfd3c595851a6ba51bfaa472d9f3",
        "type": "github"
      },
      "original": {
        "owner": "NixOS",
        "ref": "master",
        "repo": "nixos-hardware",
        "type": "github"
      }
    },
    "nixos-wsl": {
      "inputs": {
        "flake-compat": "flake-compat",
        "nixpkgs": "nixpkgs_2"
      },
      "locked": {
        "lastModified": 1765483419,
        "narHash": "sha256-w6wznH1lBzlSH3+pWDkE+L6xA0F02drFAzu2E7PD/Jo=",
        "owner": "nix-community",
        "repo": "NixOS-WSL",
        "rev": "0c040f28b44b18e0d4240e027096078e34dbb029",
        "type": "github"
      },
      "original": {
        "owner": "nix-community",
        "ref": "main",
        "repo": "NixOS-WSL",
        "type": "github"
      }
    },
    "nixpkgs": {
      "locked": {
        "lastModified": 1764886837,
        "narHash": "sha256-Sup1QVtp30cSa1FJLVkwTHEBV75XT+lWPvgHL0I7s1s=",
        "owner": "NixOS",
        "repo": "nixpkgs",
        "rev": "bd88d6c13ab85cc842b93d53f68d6d40412e5a18",
        "type": "github"
      },
      "original": {
        "owner": "NixOS",
        "ref": "nixpkgs-unstable",
        "repo": "nixpkgs",
        "type": "github"
      }
    },
    "nixpkgs-25-05": {
      "locked": {
        "lastModified": 1765363881,
        "narHash": "sha256-3C3xWn8/2Zzr7sxVBmpc1H1QfxjNfta5IMFe3O9ZEPw=",
        "owner": "nixos",
        "repo": "nixpkgs",
        "rev": "d2b1213bf5ec5e62d96b003ab4b5cbc42abfc0d0",
        "type": "github"
      },
      "original": {
        "owner": "nixos",
        "ref": "nixos-25.05",
        "repo": "nixpkgs",
        "type": "github"
      }
    },
    "nixpkgs-unstable": {
      "locked": {
        "lastModified": 1765186076,
        "narHash": "sha256-hM20uyap1a0M9d344I692r+ik4gTMyj60cQWO+hAYP8=",
        "owner": "NixOS",
        "repo": "nixpkgs",
        "rev": "addf7cf5f383a3101ecfba091b98d0a1263dc9b8",
        "type": "github"
      },
      "original": {
        "owner": "NixOS",
        "ref": "nixos-unstable",
        "repo": "nixpkgs",
        "type": "github"
      }
    },
    "nixpkgs_2": {
      "locked": {
        "lastModified": 1764950072,
        "narHash": "sha256-BmPWzogsG2GsXZtlT+MTcAWeDK5hkbGRZTeZNW42fwA=",
        "owner": "NixOS",
        "repo": "nixpkgs",
        "rev": "f61125a668a320878494449750330ca58b78c557",
        "type": "github"
      },
      "original": {
        "owner": "NixOS",
        "ref": "nixos-unstable",
        "repo": "nixpkgs",
        "type": "github"
      }
    },
    "nixpkgs_3": {
      "locked": {
        "lastModified": 1765311797,
        "narHash": "sha256-mSD5Ob7a+T2RNjvPvOA1dkJHGVrNVl8ZOrAwBjKBDQo=",
        "owner": "nixos",
        "repo": "nixpkgs",
        "rev": "09eb77e94fa25202af8f3e81ddc7353d9970ac1b",
        "type": "github"
      },
      "original": {
        "owner": "nixos",
        "ref": "nixos-25.11",
        "repo": "nixpkgs",
        "type": "github"
      }
    },
    "root": {
      "inputs": {
        "home-manager": "home-manager",
        "kkkykin": "kkkykin",
        "nix-secrets": "nix-secrets",
        "nixos-hardware": "nixos-hardware",
        "nixos-wsl": "nixos-wsl",
        "nixpkgs": "nixpkgs_3",
        "nixpkgs-25-05": "nixpkgs-25-05",
        "nixpkgs-unstable": "nixpkgs-unstable",
        "sops-nix": "sops-nix_2"
      }
    },
    "sops-nix": {
      "inputs": {
        "nixpkgs": [
          "nix-secrets",
          "nixpkgs"
        ]
      },
      "locked": {
        "lastModified": 1765553226,
        "narHash": "sha256-Ii16Nq5jL2wURXpV3D3tOM3vPpbKh18roHLkyZCHK4Q=",
        "owner": "Mic92",
        "repo": "sops-nix",
        "rev": "496a6f625f63b780ce849891868f2fad22fd49c6",
        "type": "github"
      },
      "original": {
        "owner": "Mic92",
        "repo": "sops-nix",
        "type": "github"
      }
    },
    "sops-nix_2": {
      "inputs": {
        "nixpkgs": [
          "nixpkgs"
        ]
      },
      "locked": {
        "lastModified": 1765231718,
        "narHash": "sha256-qdBzo6puTgG4G2RHG0PkADg22ZnQo1JmSVFRxrD4QM4=",
        "owner": "Mic92",
        "repo": "sops-nix",
        "rev": "7fd1416aba1865eddcdec5bb11339b7222c2363e",
        "type": "github"
      },
      "original": {
        "owner": "Mic92",
        "repo": "sops-nix",
        "type": "github"
      }
    }
  },
  "root": "root",
  "version": 7
}
